
Microsoft Visual Studio Solution File, Format Version 12.00
# Visual Studio 14
VisualStudioVersion = 14.0.25420.1
MinimumVisualStudioVersion = 10.0.40219.1
Project("{FAE04EC0-301F-11D3-BF4B-00C04F79EFBC}") = "AUTH", "AUTH\AUTH.csproj", "{C2867849-E70C-44C3-997C-1CEA03CB899A}"
EndProject
Project("{2150E333-8FDC-42A3-9474-1A3956D46DE8}") = "Lib", "Lib", "{074DA76F-E5D5-4C26-8CFF-D9EB7170A86C}"
EndProject
Project("{FAE04EC0-301F-11D3-BF4B-00C04F79EFBC}") = "Auth.DbAccess", "Auth.DbAccess\Auth.DbAccess.csproj", "{0F1048FD-CBB3-4DA9-8FF2-C8AA179078B6}"
EndProject
Project("{FAE04EC0-301F-11D3-BF4B-00C04F79EFBC}") = "Auth.Domain", "Auth.Domain\Auth.Domain.csproj", "{E76DF334-9F03-45B4-ADCF-4C17EDF9C5F5}"
EndProject
Project("{FAE04EC0-301F-11D3-BF4B-00C04F79EFBC}") = "Auth.Bo", "Auth.Bo\Auth.Bo.csproj", "{262B5FC9-73B2-4E56-850C-8C544F1156B2}"
EndProject
Project("{FAE04EC0-301F-11D3-BF4B-00C04F79EFBC}") = "Auth.Service", "Auth.Service\Auth.Service.csproj", "{6948ACA5-92E4-4EE7-A8A3-C524565D22C4}"
EndProject
Global
	GlobalSection(SolutionConfigurationPlatforms) = preSolution
		Debug|Any CPU = Debug|Any CPU
		Release|Any CPU = Release|Any CPU
	EndGlobalSection
	GlobalSection(ProjectConfigurationPlatforms) = postSolution
		{C2867849-E70C-44C3-997C-1CEA03CB899A}.Debug|Any CPU.ActiveCfg = Debug|Any CPU
		{C2867849-E70C-44C3-997C-1CEA03CB899A}.Debug|Any CPU.Build.0 = Debug|Any CPU
		{C2867849-E70C-44C3-997C-1CEA03CB899A}.Release|Any CPU.ActiveCfg = Release|Any CPU
		{C2867849-E70C-44C3-997C-1CEA03CB899A}.Release|Any CPU.Build.0 = Release|Any CPU
		{0F1048FD-CBB3-4DA9-8FF2-C8AA179078B6}.Debug|Any CPU.ActiveCfg = Debug|Any CPU
		{0F1048FD-CBB3-4DA9-8FF2-C8AA179078B6}.Debug|Any CPU.Build.0 = Debug|Any CPU
		{0F1048FD-CBB3-4DA9-8FF2-C8AA179078B6}.Release|Any CPU.ActiveCfg = Release|Any CPU
		{0F1048FD-CBB3-4DA9-8FF2-C8AA179078B6}.Release|Any CPU.Build.0 = Release|Any CPU
		{E76DF334-9F03-45B4-ADCF-4C17EDF9C5F5}.Debug|Any CPU.ActiveCfg = Debug|Any CPU
		{E76DF334-9F03-45B4-ADCF-4C17EDF9C5F5}.Debug|Any CPU.Build.0 = Debug|Any CPU
		{E76DF334-9F03-45B4-ADCF-4C17EDF9C5F5}.Release|Any CPU.ActiveCfg = Release|Any CPU
		{E76DF334-9F03-45B4-ADCF-4C17EDF9C5F5}.Release|Any CPU.Build.0 = Release|Any CPU
		{262B5FC9-73B2-4E56-850C-8C544F1156B2}.Debug|Any CPU.ActiveCfg = Debug|Any CPU
		{262B5FC9-73B2-4E56-850C-8C544F1156B2}.Debug|Any CPU.Build.0 = Debug|Any CPU
		{262B5FC9-73B2-4E56-850C-8C544F1156B2}.Release|Any CPU.ActiveCfg = Release|Any CPU
		{262B5FC9-73B2-4E56-850C-8C544F1156B2}.Release|Any CPU.Build.0 = Release|Any CPU
		{6948ACA5-92E4-4EE7-A8A3-C524565D22C4}.Debug|Any CPU.ActiveCfg = Debug|Any CPU
		{6948ACA5-92E4-4EE7-A8A3-C524565D22C4}.Debug|Any CPU.Build.0 = Debug|Any CPU
		{6948ACA5-92E4-4EE7-A8A3-C524565D22C4}.Release|Any CPU.ActiveCfg = Release|Any CPU
		{6948ACA5-92E4-4EE7-A8A3-C524565D22C4}.Release|Any CPU.Build.0 = Release|Any CPU
	EndGlobalSection
	GlobalSection(SolutionProperties) = preSolution
		HideSolutionNode = FALSE
	EndGlobalSection
	GlobalSection(NestedProjects) = preSolution
		{0F1048FD-CBB3-4DA9-8FF2-C8AA179078B6} = {074DA76F-E5D5-4C26-8CFF-D9EB7170A86C}
		{E76DF334-9F03-45B4-ADCF-4C17EDF9C5F5} = {074DA76F-E5D5-4C26-8CFF-D9EB7170A86C}
		{262B5FC9-73B2-4E56-850C-8C544F1156B2} = {074DA76F-E5D5-4C26-8CFF-D9EB7170A86C}
		{6948ACA5-92E4-4EE7-A8A3-C524565D22C4} = {074DA76F-E5D5-4C26-8CFF-D9EB7170A86C}
	EndGlobalSection
EndGlobal
